// !$*UTF8*$!
{
	archiveVersion = 1;
	classes = {
	};
	objectVersion = 46;
	objects = {

/* Begin PBXBuildFile section */
		2D1949B42178ADAD0035E1DB /* ManualSwitchSetupController.m in Sources */ = {isa = PBXBuildFile; fileRef = 2D1949B32178ADAD0035E1DB /* ManualSwitchSetupController.m */; };
		2D341B141FCEDFB8003B870D /* SmartGardenConfig.m in Sources */ = {isa = PBXBuildFile; fileRef = 2D341B131FCEDFB8003B870D /* SmartGardenConfig.m */; };
		2D341B181FCEE833003B870D /* SwitchConfig.m in Sources */ = {isa = PBXBuildFile; fileRef = 2D341B171FCEE833003B870D /* SwitchConfig.m */; };
		2D38A10720A1DE2C001418C5 /* NachrichtenViewController.m in Sources */ = {isa = PBXBuildFile; fileRef = 2D38A10620A1DE2C001418C5 /* NachrichtenViewController.m */; };
		2D434ABB20EF4EA900BA5F6A /* StartzeitenViewController.m in Sources */ = {isa = PBXBuildFile; fileRef = 2D434ABA20EF4EA800BA5F6A /* StartzeitenViewController.m */; };
		2D4DADDD1FD1744600B6E206 /* NSArray_Sorting.m in Sources */ = {isa = PBXBuildFile; fileRef = 2D4DADDB1FD1744600B6E206 /* NSArray_Sorting.m */; };
		2D72BC821F2B4A9E00F381EE /* main.m in Sources */ = {isa = PBXBuildFile; fileRef = 2D72BC811F2B4A9E00F381EE /* main.m */; };
		2D72BC851F2B4A9E00F381EE /* AppDelegate.m in Sources */ = {isa = PBXBuildFile; fileRef = 2D72BC841F2B4A9E00F381EE /* AppDelegate.m */; };
		2D72BC881F2B4A9E00F381EE /* ViewController.m in Sources */ = {isa = PBXBuildFile; fileRef = 2D72BC871F2B4A9E00F381EE /* ViewController.m */; };
		2D72BC8B1F2B4A9E00F381EE /* Main.storyboard in Resources */ = {isa = PBXBuildFile; fileRef = 2D72BC891F2B4A9E00F381EE /* Main.storyboard */; };
		2D72BC8D1F2B4A9E00F381EE /* Assets.xcassets in Resources */ = {isa = PBXBuildFile; fileRef = 2D72BC8C1F2B4A9E00F381EE /* Assets.xcassets */; };
		2D72BC901F2B4A9E00F381EE /* LaunchScreen.storyboard in Resources */ = {isa = PBXBuildFile; fileRef = 2D72BC8E1F2B4A9E00F381EE /* LaunchScreen.storyboard */; };
		2DA5F9BD1FE01F1400BC8DF4 /* UserNotifications.framework in Frameworks */ = {isa = PBXBuildFile; fileRef = 2DA5F9BC1FE01F1400BC8DF4 /* UserNotifications.framework */; };
		2DAD82E620FE1B470055339F /* Startzeit.m in Sources */ = {isa = PBXBuildFile; fileRef = 2DAD82E520FE1B470055339F /* Startzeit.m */; };
		2DDAF5242153874000F7FA72 /* Montag.png in Resources */ = {isa = PBXBuildFile; fileRef = 2DDAF51D2153873F00F7FA72 /* Montag.png */; };
		2DDAF5252153874000F7FA72 /* Freitag.png in Resources */ = {isa = PBXBuildFile; fileRef = 2DDAF51E2153873F00F7FA72 /* Freitag.png */; };
		2DDAF5262153874000F7FA72 /* Dienstag.png in Resources */ = {isa = PBXBuildFile; fileRef = 2DDAF51F2153873F00F7FA72 /* Dienstag.png */; };
		2DDAF5272153874000F7FA72 /* Donnerstag.png in Resources */ = {isa = PBXBuildFile; fileRef = 2DDAF5202153874000F7FA72 /* Donnerstag.png */; };
		2DDAF5282153874000F7FA72 /* Mittwoch.png in Resources */ = {isa = PBXBuildFile; fileRef = 2DDAF5212153874000F7FA72 /* Mittwoch.png */; };
		2DDAF5292153874000F7FA72 /* Samstag.png in Resources */ = {isa = PBXBuildFile; fileRef = 2DDAF5222153874000F7FA72 /* Samstag.png */; };
		2DDAF52A2153874000F7FA72 /* Sonntag.png in Resources */ = {isa = PBXBuildFile; fileRef = 2DDAF5232153874000F7FA72 /* Sonntag.png */; };
		2DF69C52215CBF98009A0CC8 /* AutomaticSwitchSetupController.m in Sources */ = {isa = PBXBuildFile; fileRef = 2DF69C51215CBF98009A0CC8 /* AutomaticSwitchSetupController.m */; };
		B64CB40B203507A300D208B7 /* MBCircularProgressBarView.m in Sources */ = {isa = PBXBuildFile; fileRef = B64CB408203507A300D208B7 /* MBCircularProgressBarView.m */; };
		B64CB40C203507A300D208B7 /* MBCircularProgressBarLayer.m in Sources */ = {isa = PBXBuildFile; fileRef = B64CB409203507A300D208B7 /* MBCircularProgressBarLayer.m */; };
		B69EF55F2038CB0A007DC863 /* RNBlurModalView.m in Sources */ = {isa = PBXBuildFile; fileRef = B69EF55E2038CB0A007DC863 /* RNBlurModalView.m */; };
		B6B473C320475ECB002CE5CD /* Reachability.m in Sources */ = {isa = PBXBuildFile; fileRef = B6B473C120475ECB002CE5CD /* Reachability.m */; };
		B6ED3DF520390EED0021246A /* SwitcherTableCell.m in Sources */ = {isa = PBXBuildFile; fileRef = B6ED3DF420390EED0021246A /* SwitcherTableCell.m */; };
/* End PBXBuildFile section */

/* Begin PBXFileReference section */
		2D1949B22178ADAD0035E1DB /* ManualSwitchSetupController.h */ = {isa = PBXFileReference; lastKnownFileType = sourcecode.c.h; path = ManualSwitchSetupController.h; sourceTree = "<group>"; };
		2D1949B32178ADAD0035E1DB /* ManualSwitchSetupController.m */ = {isa = PBXFileReference; lastKnownFileType = sourcecode.c.objc; path = ManualSwitchSetupController.m; sourceTree = "<group>"; };
		2D341B131FCEDFB8003B870D /* SmartGardenConfig.m */ = {isa = PBXFileReference; lastKnownFileType = sourcecode.c.objc; path = SmartGardenConfig.m; sourceTree = "<group>"; };
		2D341B151FCEDFE8003B870D /* SmartGardenConfig.h */ = {isa = PBXFileReference; lastKnownFileType = sourcecode.c.h; path = SmartGardenConfig.h; sourceTree = "<group>"; };
		2D341B161FCEE81E003B870D /* SwitchConfig.h */ = {isa = PBXFileReference; lastKnownFileType = sourcecode.c.h; path = SwitchConfig.h; sourceTree = "<group>"; };
		2D341B171FCEE833003B870D /* SwitchConfig.m */ = {isa = PBXFileReference; lastKnownFileType = sourcecode.c.objc; path = SwitchConfig.m; sourceTree = "<group>"; };
		2D38A10520A1DE2C001418C5 /* NachrichtenViewController.h */ = {isa = PBXFileReference; lastKnownFileType = sourcecode.c.h; path = NachrichtenViewController.h; sourceTree = "<group>"; };
		2D38A10620A1DE2C001418C5 /* NachrichtenViewController.m */ = {isa = PBXFileReference; lastKnownFileType = sourcecode.c.objc; path = NachrichtenViewController.m; sourceTree = "<group>"; };
		2D434AB920EF4EA800BA5F6A /* StartzeitenViewController.h */ = {isa = PBXFileReference; lastKnownFileType = sourcecode.c.h; path = StartzeitenViewController.h; sourceTree = "<group>"; };
		2D434ABA20EF4EA800BA5F6A /* StartzeitenViewController.m */ = {isa = PBXFileReference; lastKnownFileType = sourcecode.c.objc; path = StartzeitenViewController.m; sourceTree = "<group>"; };
		2D4DADDB1FD1744600B6E206 /* NSArray_Sorting.m */ = {isa = PBXFileReference; fileEncoding = 4; lastKnownFileType = sourcecode.c.objc; path = NSArray_Sorting.m; sourceTree = "<group>"; };
		2D4DADDC1FD1744600B6E206 /* NSArray_Sorting.h */ = {isa = PBXFileReference; fileEncoding = 4; lastKnownFileType = sourcecode.c.h; path = NSArray_Sorting.h; sourceTree = "<group>"; };
		2D72BC7D1F2B4A9E00F381EE /* SmartGarden.app */ = {isa = PBXFileReference; explicitFileType = wrapper.application; includeInIndex = 0; path = SmartGarden.app; sourceTree = BUILT_PRODUCTS_DIR; };
		2D72BC811F2B4A9E00F381EE /* main.m */ = {isa = PBXFileReference; lastKnownFileType = sourcecode.c.objc; path = main.m; sourceTree = "<group>"; };
		2D72BC831F2B4A9E00F381EE /* AppDelegate.h */ = {isa = PBXFileReference; lastKnownFileType = sourcecode.c.h; path = AppDelegate.h; sourceTree = "<group>"; };
		2D72BC841F2B4A9E00F381EE /* AppDelegate.m */ = {isa = PBXFileReference; lastKnownFileType = sourcecode.c.objc; path = AppDelegate.m; sourceTree = "<group>"; };
		2D72BC861F2B4A9E00F381EE /* ViewController.h */ = {isa = PBXFileReference; lastKnownFileType = sourcecode.c.h; path = ViewController.h; sourceTree = "<group>"; };
		2D72BC871F2B4A9E00F381EE /* ViewController.m */ = {isa = PBXFileReference; lastKnownFileType = sourcecode.c.objc; path = ViewController.m; sourceTree = "<group>"; };
		2D72BC8A1F2B4A9E00F381EE /* Base */ = {isa = PBXFileReference; lastKnownFileType = file.storyboard; name = Base; path = Base.lproj/Main.storyboard; sourceTree = "<group>"; };
		2D72BC8C1F2B4A9E00F381EE /* Assets.xcassets */ = {isa = PBXFileReference; lastKnownFileType = folder.assetcatalog; path = Assets.xcassets; sourceTree = "<group>"; };
		2D72BC8F1F2B4A9E00F381EE /* Base */ = {isa = PBXFileReference; lastKnownFileType = file.storyboard; name = Base; path = Base.lproj/LaunchScreen.storyboard; sourceTree = "<group>"; };
		2D72BC911F2B4A9E00F381EE /* Info.plist */ = {isa = PBXFileReference; lastKnownFileType = text.plist.xml; path = Info.plist; sourceTree = "<group>"; };
		2DA5F9BC1FE01F1400BC8DF4 /* UserNotifications.framework */ = {isa = PBXFileReference; lastKnownFileType = wrapper.framework; name = UserNotifications.framework; path = System/Library/Frameworks/UserNotifications.framework; sourceTree = SDKROOT; };
		2DAD82E520FE1B470055339F /* Startzeit.m */ = {isa = PBXFileReference; lastKnownFileType = sourcecode.c.objc; path = Startzeit.m; sourceTree = "<group>"; };
		2DAD82E720FE1BAE0055339F /* Startzeit.h */ = {isa = PBXFileReference; lastKnownFileType = sourcecode.c.h; path = Startzeit.h; sourceTree = "<group>"; };
		2DBDA1061F90E950004EFBE2 /* SmartGarden.entitlements */ = {isa = PBXFileReference; lastKnownFileType = text.plist.entitlements; path = SmartGarden.entitlements; sourceTree = "<group>"; };
		2DDAF51D2153873F00F7FA72 /* Montag.png */ = {isa = PBXFileReference; lastKnownFileType = image.png; path = Montag.png; sourceTree = "<group>"; };
		2DDAF51E2153873F00F7FA72 /* Freitag.png */ = {isa = PBXFileReference; lastKnownFileType = image.png; path = Freitag.png; sourceTree = "<group>"; };
		2DDAF51F2153873F00F7FA72 /* Dienstag.png */ = {isa = PBXFileReference; lastKnownFileType = image.png; path = Dienstag.png; sourceTree = "<group>"; };
		2DDAF5202153874000F7FA72 /* Donnerstag.png */ = {isa = PBXFileReference; lastKnownFileType = image.png; path = Donnerstag.png; sourceTree = "<group>"; };
		2DDAF5212153874000F7FA72 /* Mittwoch.png */ = {isa = PBXFileReference; lastKnownFileType = image.png; path = Mittwoch.png; sourceTree = "<group>"; };
		2DDAF5222153874000F7FA72 /* Samstag.png */ = {isa = PBXFileReference; lastKnownFileType = image.png; path = Samstag.png; sourceTree = "<group>"; };
		2DDAF5232153874000F7FA72 /* Sonntag.png */ = {isa = PBXFileReference; lastKnownFileType = image.png; path = Sonntag.png; sourceTree = "<group>"; };
		2DF69C50215CBF98009A0CC8 /* AutomaticSwitchSetupController.h */ = {isa = PBXFileReference; lastKnownFileType = sourcecode.c.h; path = AutomaticSwitchSetupController.h; sourceTree = "<group>"; };
		2DF69C51215CBF98009A0CC8 /* AutomaticSwitchSetupController.m */ = {isa = PBXFileReference; lastKnownFileType = sourcecode.c.objc; path = AutomaticSwitchSetupController.m; sourceTree = "<group>"; };
		B64CB407203507A300D208B7 /* MBCircularProgressBarLayer.h */ = {isa = PBXFileReference; fileEncoding = 4; lastKnownFileType = sourcecode.c.h; path = MBCircularProgressBarLayer.h; sourceTree = "<group>"; };
		B64CB408203507A300D208B7 /* MBCircularProgressBarView.m */ = {isa = PBXFileReference; fileEncoding = 4; lastKnownFileType = sourcecode.c.objc; path = MBCircularProgressBarView.m; sourceTree = "<group>"; };
		B64CB409203507A300D208B7 /* MBCircularProgressBarLayer.m */ = {isa = PBXFileReference; fileEncoding = 4; lastKnownFileType = sourcecode.c.objc; path = MBCircularProgressBarLayer.m; sourceTree = "<group>"; };
		B64CB40A203507A300D208B7 /* MBCircularProgressBarView.h */ = {isa = PBXFileReference; fileEncoding = 4; lastKnownFileType = sourcecode.c.h; path = MBCircularProgressBarView.h; sourceTree = "<group>"; };
		B69EF55D2038CB0A007DC863 /* RNBlurModalView.h */ = {isa = PBXFileReference; fileEncoding = 4; lastKnownFileType = sourcecode.c.h; path = RNBlurModalView.h; sourceTree = "<group>"; };
		B69EF55E2038CB0A007DC863 /* RNBlurModalView.m */ = {isa = PBXFileReference; fileEncoding = 4; lastKnownFileType = sourcecode.c.objc; path = RNBlurModalView.m; sourceTree = "<group>"; };
		B6B473C120475ECB002CE5CD /* Reachability.m */ = {isa = PBXFileReference; fileEncoding = 4; lastKnownFileType = sourcecode.c.objc; path = Reachability.m; sourceTree = "<group>"; };
		B6B473C220475ECB002CE5CD /* Reachability.h */ = {isa = PBXFileReference; fileEncoding = 4; lastKnownFileType = sourcecode.c.h; path = Reachability.h; sourceTree = "<group>"; };
		B6ED3DF320390EED0021246A /* SwitcherTableCell.h */ = {isa = PBXFileReference; lastKnownFileType = sourcecode.c.h; path = SwitcherTableCell.h; sourceTree = "<group>"; };
		B6ED3DF420390EED0021246A /* SwitcherTableCell.m */ = {isa = PBXFileReference; lastKnownFileType = sourcecode.c.objc; path = SwitcherTableCell.m; sourceTree = "<group>"; };
/* End PBXFileReference section */

/* Begin PBXFrameworksBuildPhase section */
		2D72BC7A1F2B4A9E00F381EE /* Frameworks */ = {
			isa = PBXFrameworksBuildPhase;
			buildActionMask = 2147483647;
			files = (
				2DA5F9BD1FE01F1400BC8DF4 /* UserNotifications.framework in Frameworks */,
			);
			runOnlyForDeploymentPostprocessing = 0;
		};
/* End PBXFrameworksBuildPhase section */

/* Begin PBXGroup section */
		2D341B0F1FCEDEE3003B870D /* Configuration */ = {
			isa = PBXGroup;
			children = (
				2D341B131FCEDFB8003B870D /* SmartGardenConfig.m */,
				2D341B151FCEDFE8003B870D /* SmartGardenConfig.h */,
				2D341B161FCEE81E003B870D /* SwitchConfig.h */,
				2D341B171FCEE833003B870D /* SwitchConfig.m */,
				2DAD82E520FE1B470055339F /* Startzeit.m */,
				2DAD82E720FE1BAE0055339F /* Startzeit.h */,
			);
			name = Configuration;
			sourceTree = "<group>";
		};
		2D72BC741F2B4A9E00F381EE = {
			isa = PBXGroup;
			children = (
				2D72BC7F1F2B4A9E00F381EE /* SmartGarden */,
				2D72BC7E1F2B4A9E00F381EE /* Products */,
				2DA5F9BB1FE01F1300BC8DF4 /* Frameworks */,
			);
			sourceTree = "<group>";
		};
		2D72BC7E1F2B4A9E00F381EE /* Products */ = {
			isa = PBXGroup;
			children = (
				2D72BC7D1F2B4A9E00F381EE /* SmartGarden.app */,
			);
			name = Products;
			sourceTree = "<group>";
		};
		2D72BC7F1F2B4A9E00F381EE /* SmartGarden */ = {
			isa = PBXGroup;
			children = (
				2DF69C4F215CBF4E009A0CC8 /* Switch Setup */,
				2DDAF51C215382A000F7FA72 /* Startzeiten */,
				2DDAF51B2153829400F7FA72 /* Nachrichten */,
				B6B473C220475ECB002CE5CD /* Reachability.h */,
				B6B473C120475ECB002CE5CD /* Reachability.m */,
				B69EF55D2038CB0A007DC863 /* RNBlurModalView.h */,
				B69EF55E2038CB0A007DC863 /* RNBlurModalView.m */,
				2D4DADDC1FD1744600B6E206 /* NSArray_Sorting.h */,
				2D4DADDB1FD1744600B6E206 /* NSArray_Sorting.m */,
				B6ED3DF320390EED0021246A /* SwitcherTableCell.h */,
				B6ED3DF420390EED0021246A /* SwitcherTableCell.m */,
				B64CB4062035073500D208B7 /* CircularProgressBar */,
				2D341B0F1FCEDEE3003B870D /* Configuration */,
				2D72BC831F2B4A9E00F381EE /* AppDelegate.h */,
				2D72BC841F2B4A9E00F381EE /* AppDelegate.m */,
				2D72BC861F2B4A9E00F381EE /* ViewController.h */,
				2D72BC871F2B4A9E00F381EE /* ViewController.m */,
				2D72BC891F2B4A9E00F381EE /* Main.storyboard */,
				2D72BC8C1F2B4A9E00F381EE /* Assets.xcassets */,
				2D72BC8E1F2B4A9E00F381EE /* LaunchScreen.storyboard */,
				2D72BC911F2B4A9E00F381EE /* Info.plist */,
				2D72BC801F2B4A9E00F381EE /* Supporting Files */,
			);
			path = SmartGarden;
			sourceTree = "<group>";
		};
		2D72BC801F2B4A9E00F381EE /* Supporting Files */ = {
			isa = PBXGroup;
			children = (
				2DBDA1061F90E950004EFBE2 /* SmartGarden.entitlements */,
				2D72BC811F2B4A9E00F381EE /* main.m */,
			);
			name = "Supporting Files";
			sourceTree = "<group>";
		};
		2DA5F9BB1FE01F1300BC8DF4 /* Frameworks */ = {
			isa = PBXGroup;
			children = (
				2DA5F9BC1FE01F1400BC8DF4 /* UserNotifications.framework */,
			);
			name = Frameworks;
			sourceTree = "<group>";
		};
		2DDAF51B2153829400F7FA72 /* Nachrichten */ = {
			isa = PBXGroup;
			children = (
				2D38A10520A1DE2C001418C5 /* NachrichtenViewController.h */,
				2D38A10620A1DE2C001418C5 /* NachrichtenViewController.m */,
			);
			name = Nachrichten;
			sourceTree = "<group>";
		};
		2DDAF51C215382A000F7FA72 /* Startzeiten */ = {
			isa = PBXGroup;
			children = (
				2DDAF51F2153873F00F7FA72 /* Dienstag.png */,
				2DDAF5202153874000F7FA72 /* Donnerstag.png */,
				2DDAF51E2153873F00F7FA72 /* Freitag.png */,
				2DDAF5212153874000F7FA72 /* Mittwoch.png */,
				2DDAF51D2153873F00F7FA72 /* Montag.png */,
				2DDAF5222153874000F7FA72 /* Samstag.png */,
				2DDAF5232153874000F7FA72 /* Sonntag.png */,
				2D434AB920EF4EA800BA5F6A /* StartzeitenViewController.h */,
				2D434ABA20EF4EA800BA5F6A /* StartzeitenViewController.m */,
			);
			name = Startzeiten;
			sourceTree = "<group>";
		};
		2DF69C4F215CBF4E009A0CC8 /* Switch Setup */ = {
			isa = PBXGroup;
			children = (
				2DF69C50215CBF98009A0CC8 /* AutomaticSwitchSetupController.h */,
				2DF69C51215CBF98009A0CC8 /* AutomaticSwitchSetupController.m */,
				2D1949B22178ADAD0035E1DB /* ManualSwitchSetupController.h */,
				2D1949B32178ADAD0035E1DB /* ManualSwitchSetupController.m */,
			);
			name = "Switch Setup";
			sourceTree = "<group>";
		};
		B64CB4062035073500D208B7 /* CircularProgressBar */ = {
			isa = PBXGroup;
			children = (
				B64CB407203507A300D208B7 /* MBCircularProgressBarLayer.h */,
				B64CB409203507A300D208B7 /* MBCircularProgressBarLayer.m */,
				B64CB40A203507A300D208B7 /* MBCircularProgressBarView.h */,
				B64CB408203507A300D208B7 /* MBCircularProgressBarView.m */,
			);
			name = CircularProgressBar;
			sourceTree = "<group>";
		};
/* End PBXGroup section */

/* Begin PBXNativeTarget section */
		2D72BC7C1F2B4A9E00F381EE /* SmartGarden */ = {
			isa = PBXNativeTarget;
			buildConfigurationList = 2D72BC941F2B4A9E00F381EE /* Build configuration list for PBXNativeTarget "SmartGarden" */;
			buildPhases = (
				2D72BC791F2B4A9E00F381EE /* Sources */,
				2D72BC7A1F2B4A9E00F381EE /* Frameworks */,
				2D72BC7B1F2B4A9E00F381EE /* Resources */,
			);
			buildRules = (
			);
			dependencies = (
			);
			name = SmartGarden;
			productName = SmartGarden;
			productReference = 2D72BC7D1F2B4A9E00F381EE /* SmartGarden.app */;
			productType = "com.apple.product-type.application";
		};
/* End PBXNativeTarget section */

/* Begin PBXProject section */
		2D72BC751F2B4A9E00F381EE /* Project object */ = {
			isa = PBXProject;
			attributes = {
				LastUpgradeCheck = 0930;
				ORGANIZATIONNAME = "Bausparkasse Mainz AG";
				TargetAttributes = {
					2D72BC7C1F2B4A9E00F381EE = {
						CreatedOnToolsVersion = 8.3.3;
						DevelopmentTeam = 34WBTC92RU;
						LastSwiftMigration = 0920;
						ProvisioningStyle = Automatic;
						SystemCapabilities = {
							com.apple.BackgroundModes = {
								enabled = 1;
							};
							com.apple.Push = {
								enabled = 1;
							};
						};
					};
				};
			};
			buildConfigurationList = 2D72BC781F2B4A9E00F381EE /* Build configuration list for PBXProject "SmartGarden" */;
			compatibilityVersion = "Xcode 3.2";
			developmentRegion = English;
			hasScannedForEncodings = 0;
			knownRegions = (
				en,
				Base,
			);
			mainGroup = 2D72BC741F2B4A9E00F381EE;
			productRefGroup = 2D72BC7E1F2B4A9E00F381EE /* Products */;
			projectDirPath = "";
			projectRoot = "";
			targets = (
				2D72BC7C1F2B4A9E00F381EE /* SmartGarden */,
			);
		};
/* End PBXProject section */

/* Begin PBXResourcesBuildPhase section */
		2D72BC7B1F2B4A9E00F381EE /* Resources */ = {
			isa = PBXResourcesBuildPhase;
			buildActionMask = 2147483647;
			files = (
				2D72BC901F2B4A9E00F381EE /* LaunchScreen.storyboard in Resources */,
				2DDAF5252153874000F7FA72 /* Freitag.png in Resources */,
				2D72BC8D1F2B4A9E00F381EE /* Assets.xcassets in Resources */,
				2DDAF5272153874000F7FA72 /* Donnerstag.png in Resources */,
				2DDAF5292153874000F7FA72 /* Samstag.png in Resources */,
				2D72BC8B1F2B4A9E00F381EE /* Main.storyboard in Resources */,
				2DDAF5262153874000F7FA72 /* Dienstag.png in Resources */,
				2DDAF5282153874000F7FA72 /* Mittwoch.png in Resources */,
				2DDAF52A2153874000F7FA72 /* Sonntag.png in Resources */,
				2DDAF5242153874000F7FA72 /* Montag.png in Resources */,
			);
			runOnlyForDeploymentPostprocessing = 0;
		};
/* End PBXResourcesBuildPhase section */

/* Begin PBXSourcesBuildPhase section */
		2D72BC791F2B4A9E00F381EE /* Sources */ = {
			isa = PBXSourcesBuildPhase;
			buildActionMask = 2147483647;
			files = (
				2D72BC881F2B4A9E00F381EE /* ViewController.m in Sources */,
				2DAD82E620FE1B470055339F /* Startzeit.m in Sources */,
				2D72BC851F2B4A9E00F381EE /* AppDelegate.m in Sources */,
				2D72BC821F2B4A9E00F381EE /* main.m in Sources */,
				2D38A10720A1DE2C001418C5 /* NachrichtenViewController.m in Sources */,
				B6ED3DF520390EED0021246A /* SwitcherTableCell.m in Sources */,
				2DF69C52215CBF98009A0CC8 /* AutomaticSwitchSetupController.m in Sources */,
				2D4DADDD1FD1744600B6E206 /* NSArray_Sorting.m in Sources */,
				2D434ABB20EF4EA900BA5F6A /* StartzeitenViewController.m in Sources */,
				2D341B141FCEDFB8003B870D /* SmartGardenConfig.m in Sources */,
				B64CB40C203507A300D208B7 /* MBCircularProgressBarLayer.m in Sources */,
				2D341B181FCEE833003B870D /* SwitchConfig.m in Sources */,
				B69EF55F2038CB0A007DC863 /* RNBlurModalView.m in Sources */,
				2D1949B42178ADAD0035E1DB /* ManualSwitchSetupController.m in Sources */,
				B6B473C320475ECB002CE5CD /* Reachability.m in Sources */,
				B64CB40B203507A300D208B7 /* MBCircularProgressBarView.m in Sources */,
			);
			runOnlyForDeploymentPostprocessing = 0;
		};
/* End PBXSourcesBuildPhase section */

/* Begin PBXVariantGroup section */
		2D72BC891F2B4A9E00F381EE /* Main.storyboard */ = {
			isa = PBXVariantGroup;
			children = (
				2D72BC8A1F2B4A9E00F381EE /* Base */,
			);
			name = Main.storyboard;
			sourceTree = "<group>";
		};
		2D72BC8E1F2B4A9E00F381EE /* LaunchScreen.storyboard */ = {
			isa = PBXVariantGroup;
			children = (
				2D72BC8F1F2B4A9E00F381EE /* Base */,
			);
			name = LaunchScreen.storyboard;
			sourceTree = "<group>";
		};
/* End PBXVariantGroup section */

/* Begin XCBuildConfiguration section */
		2D72BC921F2B4A9E00F381EE /* Debug */ = {
			isa = XCBuildConfiguration;
			buildSettings = {
				ALWAYS_SEARCH_USER_PATHS = NO;
				CLANG_ANALYZER_NONNULL = YES;
				CLANG_ANALYZER_NUMBER_OBJECT_CONVERSION = YES_AGGRESSIVE;
				CLANG_CXX_LANGUAGE_STANDARD = "gnu++0x";
				CLANG_CXX_LIBRARY = "libc++";
				CLANG_ENABLE_MODULES = YES;
				CLANG_ENABLE_OBJC_ARC = YES;
				CLANG_WARN_BLOCK_CAPTURE_AUTORELEASING = YES;
				CLANG_WARN_BOOL_CONVERSION = YES;
				CLANG_WARN_COMMA = YES;
				CLANG_WARN_CONSTANT_CONVERSION = YES;
				CLANG_WARN_DEPRECATED_OBJC_IMPLEMENTATIONS = YES;
				CLANG_WARN_DIRECT_OBJC_ISA_USAGE = YES_ERROR;
				CLANG_WARN_DOCUMENTATION_COMMENTS = YES;
				CLANG_WARN_EMPTY_BODY = YES;
				CLANG_WARN_ENUM_CONVERSION = YES;
				CLANG_WARN_INFINITE_RECURSION = YES;
				CLANG_WARN_INT_CONVERSION = YES;
				CLANG_WARN_NON_LITERAL_NULL_CONVERSION = YES;
				CLANG_WARN_OBJC_IMPLICIT_RETAIN_SELF = NO;
				CLANG_WARN_OBJC_LITERAL_CONVERSION = YES;
				CLANG_WARN_OBJC_ROOT_CLASS = YES_ERROR;
				CLANG_WARN_RANGE_LOOP_ANALYSIS = YES;
				CLANG_WARN_STRICT_PROTOTYPES = YES;
				CLANG_WARN_SUSPICIOUS_MOVE = YES;
				CLANG_WARN_UNREACHABLE_CODE = YES;
				CLANG_WARN__DUPLICATE_METHOD_MATCH = YES;
				"CODE_SIGN_IDENTITY[sdk=iphoneos*]" = "iPhone Developer";
				COPY_PHASE_STRIP = NO;
				DEBUG_INFORMATION_FORMAT = dwarf;
				ENABLE_STRICT_OBJC_MSGSEND = YES;
				ENABLE_TESTABILITY = YES;
				GCC_C_LANGUAGE_STANDARD = gnu99;
				GCC_DYNAMIC_NO_PIC = NO;
				GCC_NO_COMMON_BLOCKS = YES;
				GCC_OPTIMIZATION_LEVEL = 0;
				GCC_PREPROCESSOR_DEFINITIONS = (
					"DEBUG=1",
					"$(inherited)",
				);
				GCC_WARN_64_TO_32_BIT_CONVERSION = YES;
				GCC_WARN_ABOUT_RETURN_TYPE = YES_ERROR;
				GCC_WARN_UNDECLARED_SELECTOR = YES;
				GCC_WARN_UNINITIALIZED_AUTOS = YES_AGGRESSIVE;
				GCC_WARN_UNUSED_FUNCTION = YES;
				GCC_WARN_UNUSED_VARIABLE = YES;
				IPHONEOS_DEPLOYMENT_TARGET = 11.2;
				MTL_ENABLE_DEBUG_INFO = YES;
				ONLY_ACTIVE_ARCH = YES;
				SDKROOT = iphoneos;
				SWIFT_OBJC_BRIDGING_HEADER = "SmartGarden/SmartGarden-Bridging-Header.h";
				SWIFT_VERSION = 4.0;
				TARGETED_DEVICE_FAMILY = "1,2";
			};
			name = Debug;
		};
		2D72BC931F2B4A9E00F381EE /* Release */ = {
			isa = XCBuildConfiguration;
			buildSettings = {
				ALWAYS_SEARCH_USER_PATHS = NO;
				CLANG_ANALYZER_NONNULL = YES;
				CLANG_ANALYZER_NUMBER_OBJECT_CONVERSION = YES_AGGRESSIVE;
				CLANG_CXX_LANGUAGE_STANDARD = "gnu++0x";
				CLANG_CXX_LIBRARY = "libc++";
				CLANG_ENABLE_MODULES = YES;
				CLANG_ENABLE_OBJC_ARC = YES;
				CLANG_WARN_BLOCK_CAPTURE_AUTORELEASING = YES;
				CLANG_WARN_BOOL_CONVERSION = YES;
				CLANG_WARN_COMMA = YES;
				CLANG_WARN_CONSTANT_CONVERSION = YES;
				CLANG_WARN_DEPRECATED_OBJC_IMPLEMENTATIONS = YES;
				CLANG_WARN_DIRECT_OBJC_ISA_USAGE = YES_ERROR;
				CLANG_WARN_DOCUMENTATION_COMMENTS = YES;
				CLANG_WARN_EMPTY_BODY = YES;
				CLANG_WARN_ENUM_CONVERSION = YES;
				CLANG_WARN_INFINITE_RECURSION = YES;
				CLANG_WARN_INT_CONVERSION = YES;
				CLANG_WARN_NON_LITERAL_NULL_CONVERSION = YES;
				CLANG_WARN_OBJC_IMPLICIT_RETAIN_SELF = NO;
				CLANG_WARN_OBJC_LITERAL_CONVERSION = YES;
				CLANG_WARN_OBJC_ROOT_CLASS = YES_ERROR;
				CLANG_WARN_RANGE_LOOP_ANALYSIS = YES;
				CLANG_WARN_STRICT_PROTOTYPES = YES;
				CLANG_WARN_SUSPICIOUS_MOVE = YES;
				CLANG_WARN_UNREACHABLE_CODE = YES;
				CLANG_WARN__DUPLICATE_METHOD_MATCH = YES;
				"CODE_SIGN_IDENTITY[sdk=iphoneos*]" = "iPhone Developer";
				COPY_PHASE_STRIP = NO;
				DEBUG_INFORMATION_FORMAT = "dwarf-with-dsym";
				ENABLE_NS_ASSERTIONS = NO;
				ENABLE_STRICT_OBJC_MSGSEND = YES;
				GCC_C_LANGUAGE_STANDARD = gnu99;
				GCC_NO_COMMON_BLOCKS = YES;
				GCC_WARN_64_TO_32_BIT_CONVERSION = YES;
				GCC_WARN_ABOUT_RETURN_TYPE = YES_ERROR;
				GCC_WARN_UNDECLARED_SELECTOR = YES;
				GCC_WARN_UNINITIALIZED_AUTOS = YES_AGGRESSIVE;
				GCC_WARN_UNUSED_FUNCTION = YES;
				GCC_WARN_UNUSED_VARIABLE = YES;
				IPHONEOS_DEPLOYMENT_TARGET = 11.2;
				MTL_ENABLE_DEBUG_INFO = NO;
				SDKROOT = iphoneos;
				SWIFT_OBJC_BRIDGING_HEADER = "SmartGarden/SmartGarden-Bridging-Header.h";
				SWIFT_VERSION = 4.0;
				TARGETED_DEVICE_FAMILY = "1,2";
				VALIDATE_PRODUCT = YES;
			};
			name = Release;
		};
		2D72BC951F2B4A9E00F381EE /* Debug */ = {
			isa = XCBuildConfiguration;
			buildSettings = {
				ALWAYS_EMBED_SWIFT_STANDARD_LIBRARIES = NO;
				ASSETCATALOG_COMPILER_APPICON_NAME = AppIcon;
				CLANG_ENABLE_MODULES = YES;
				CODE_SIGN_ENTITLEMENTS = SmartGarden/SmartGarden.entitlements;
				DEFINES_MODULE = YES;
				DEVELOPMENT_TEAM = 34WBTC92RU;
				HEADER_SEARCH_PATHS = "iOS/SmartGarden/SmartGarden/RSLoadingView.framework/Headers/**";
				INFOPLIST_FILE = SmartGarden/Info.plist;
				LD_RUNPATH_SEARCH_PATHS = "$(inherited) @executable_path/Frameworks";
				PRODUCT_BUNDLE_IDENTIFIER = de.primasi.SmartGarden;
				PRODUCT_NAME = "$(TARGET_NAME)";
				SWIFT_OBJC_BRIDGING_HEADER = "";
				SWIFT_OPTIMIZATION_LEVEL = "-Onone";
				SWIFT_VERSION = 4.0;
			};
			name = Debug;
		};
		2D72BC961F2B4A9E00F381EE /* Release */ = {
			isa = XCBuildConfiguration;
			buildSettings = {
				ALWAYS_EMBED_SWIFT_STANDARD_LIBRARIES = NO;
				ASSETCATALOG_COMPILER_APPICON_NAME = AppIcon;
				CLANG_ENABLE_MODULES = YES;
				CODE_SIGN_ENTITLEMENTS = SmartGarden/SmartGarden.entitlements;
				DEFINES_MODULE = YES;
				DEVELOPMENT_TEAM = 34WBTC92RU;
				HEADER_SEARCH_PATHS = "iOS/SmartGarden/SmartGarden/RSLoadingView.framework/Headers/**";
				INFOPLIST_FILE = SmartGarden/Info.plist;
				LD_RUNPATH_SEARCH_PATHS = "$(inherited) @executable_path/Frameworks";
				PRODUCT_BUNDLE_IDENTIFIER = de.primasi.SmartGarden;
				PRODUCT_NAME = "$(TARGET_NAME)";
				SWIFT_OBJC_BRIDGING_HEADER = "";
				SWIFT_VERSION = 4.0;
			};
			name = Release;
		};
/* End XCBuildConfiguration section */

/* Begin XCConfigurationList section */
		2D72BC781F2B4A9E00F381EE /* Build configuration list for PBXProject "SmartGarden" */ = {
			isa = XCConfigurationList;
			buildConfigurations = (
				2D72BC921F2B4A9E00F381EE /* Debug */,
				2D72BC931F2B4A9E00F381EE /* Release */,
			);
			defaultConfigurationIsVisible = 0;
			defaultConfigurationName = Release;
		};
		2D72BC941F2B4A9E00F381EE /* Build configuration list for PBXNativeTarget "SmartGarden" */ = {
			isa = XCConfigurationList;
			buildConfigurations = (
				2D72BC951F2B4A9E00F381EE /* Debug */,
				2D72BC961F2B4A9E00F381EE /* Release */,
			);
			defaultConfigurationIsVisible = 0;
			defaultConfigurationName = Release;
		};
/* End XCConfigurationList section */
	};
	rootObject = 2D72BC751F2B4A9E00F381EE /* Project object */;
}
